
Microsoft Visual Studio Solution File, Format Version 12.00
# Visual Studio 14
VisualStudioVersion = 14.0.25420.1
MinimumVisualStudioVersion = 10.0.40219.1
Project("{FAE04EC0-301F-11D3-BF4B-00C04F79EFBC}") = "Client.Web", "Client.Web\Client.Web.csproj", "{4E145111-4873-42BE-AD77-3B850C802C8E}"
EndProject
Project("{2150E333-8FDC-42A3-9474-1A3956D46DE8}") = "Client", "Client", "{B2C15DAE-DB87-46FA-9339-97D3B1905D5F}"
EndProject
Project("{FAE04EC0-301F-11D3-BF4B-00C04F79EFBC}") = "Client.Api", "Client.Api\Client.Api.csproj", "{426A3D22-0A2B-4B14-B081-1C0EC046D919}"
EndProject
Project("{FAE04EC0-301F-11D3-BF4B-00C04F79EFBC}") = "Domain", "Domain\Domain.csproj", "{13607EE9-8B76-4FE3-BCF2-0C09EEF929BB}"
EndProject
Project("{2150E333-8FDC-42A3-9474-1A3956D46DE8}") = "Domain", "Domain", "{224E3AAC-7FA5-4DCB-8551-3466F858D91C}"
EndProject
Project("{FAE04EC0-301F-11D3-BF4B-00C04F79EFBC}") = "Domain.Persistence.EntityFramework", "Domain.Persistence.EntityFramework\Domain.Persistence.EntityFramework.csproj", "{A54FCB68-EE21-4F16-AE8F-9B725C1D0C6E}"
EndProject
Project("{2150E333-8FDC-42A3-9474-1A3956D46DE8}") = "Web", "Web", "{3F9CCB6F-EFE2-47FA-A351-C5369B220E30}"
EndProject
Project("{2150E333-8FDC-42A3-9474-1A3956D46DE8}") = "Api", "Api", "{05CD40FC-5DA9-4FCA-8FD2-3EA2AEF900BD}"
EndProject
Project("{FAE04EC0-301F-11D3-BF4B-00C04F79EFBC}") = "Client.Api.v1", "Client.Api.v1\Client.Api.v1.csproj", "{A226D174-6DD2-4290-8DBC-E201EFC54789}"
EndProject
Project("{FAE04EC0-301F-11D3-BF4B-00C04F79EFBC}") = "ApiVersioningModule", "ApiVersioningModule\ApiVersioningModule.csproj", "{14983888-7213-46B4-A2A5-97774B02C64F}"
EndProject
Project("{FAE04EC0-301F-11D3-BF4B-00C04F79EFBC}") = "Client.Api.v1.Models", "Client.Api.v1.Models\Client.Api.v1.Models.csproj", "{998906EB-AA90-47F2-8A6A-5F259185A168}"
EndProject
Project("{FAE04EC0-301F-11D3-BF4B-00C04F79EFBC}") = "ApiVersioningModule.Swagger", "ApiVersioningModule.Swagger\ApiVersioningModule.Swagger.csproj", "{4F7955EC-A0B6-49B2-8245-D7501A696DE5}"
EndProject
Project("{FAE04EC0-301F-11D3-BF4B-00C04F79EFBC}") = "SwaggerResponseExampleModule", "SwaggerResponseExampleModule\SwaggerResponseExampleModule.csproj", "{9084F7B6-AE3A-4EF4-9414-BF1228916974}"
EndProject
Project("{FAE04EC0-301F-11D3-BF4B-00C04F79EFBC}") = "Domain.Persistence.EntityFramework.Tests", "Domain.Persistence.EntityFramework.Tests\Domain.Persistence.EntityFramework.Tests.csproj", "{3406A0F9-589A-48B2-9A4E-74802535FFEE}"
EndProject
Project("{FAE04EC0-301F-11D3-BF4B-00C04F79EFBC}") = "CQRS", "CQRS\CQRS.csproj", "{B412E005-BF9B-49BB-8DDE-6939A2456382}"
EndProject
Project("{FAE04EC0-301F-11D3-BF4B-00C04F79EFBC}") = "Domain.Persistence.FileStorage", "Domain.Persistence.FileStorage\Domain.Persistence.FileStorage.csproj", "{0CB8FB68-A755-48BE-BC3F-4991E46EF3C7}"
EndProject
Project("{FAE04EC0-301F-11D3-BF4B-00C04F79EFBC}") = "Domain.Persistence.FileStorage.Tests", "Domain.Persistence.FileStorage.Tests\Domain.Persistence.FileStorage.Tests.csproj", "{B9CD00EC-DC69-46C2-8F8B-D67AA134AFED}"
EndProject
Project("{FAE04EC0-301F-11D3-BF4B-00C04F79EFBC}") = "Domain.Persistence.File", "Domain.Persistence.File\Domain.Persistence.File.csproj", "{717604B5-8CEC-4BDE-86AA-AD06542E0661}"
EndProject
Project("{FAE04EC0-301F-11D3-BF4B-00C04F79EFBC}") = "Client.Api.Authentication", "Client.Api.Authentication\Client.Api.Authentication.csproj", "{5A4EF52A-03BE-4BA3-BB4B-7D5BAE2F2678}"
EndProject
Project("{FAE04EC0-301F-11D3-BF4B-00C04F79EFBC}") = "Domain.Persistence.File.Tests", "Domain.Persistence.File.Tests\Domain.Persistence.File.Tests.csproj", "{CA984BF0-C5BF-4FA7-8341-7B185F2EFFE7}"
EndProject
Global
	GlobalSection(SolutionConfigurationPlatforms) = preSolution
		Debug|Any CPU = Debug|Any CPU
		Release|Any CPU = Release|Any CPU
		Stage|Any CPU = Stage|Any CPU
		Test|Any CPU = Test|Any CPU
	EndGlobalSection
	GlobalSection(ProjectConfigurationPlatforms) = postSolution
		{4E145111-4873-42BE-AD77-3B850C802C8E}.Debug|Any CPU.ActiveCfg = Debug|Any CPU
		{4E145111-4873-42BE-AD77-3B850C802C8E}.Debug|Any CPU.Build.0 = Debug|Any CPU
		{4E145111-4873-42BE-AD77-3B850C802C8E}.Release|Any CPU.ActiveCfg = Release|Any CPU
		{4E145111-4873-42BE-AD77-3B850C802C8E}.Release|Any CPU.Build.0 = Release|Any CPU
		{4E145111-4873-42BE-AD77-3B850C802C8E}.Stage|Any CPU.ActiveCfg = Stage|Any CPU
		{4E145111-4873-42BE-AD77-3B850C802C8E}.Stage|Any CPU.Build.0 = Stage|Any CPU
		{4E145111-4873-42BE-AD77-3B850C802C8E}.Test|Any CPU.ActiveCfg = Test|Any CPU
		{4E145111-4873-42BE-AD77-3B850C802C8E}.Test|Any CPU.Build.0 = Test|Any CPU
		{426A3D22-0A2B-4B14-B081-1C0EC046D919}.Debug|Any CPU.ActiveCfg = Debug|Any CPU
		{426A3D22-0A2B-4B14-B081-1C0EC046D919}.Debug|Any CPU.Build.0 = Debug|Any CPU
		{426A3D22-0A2B-4B14-B081-1C0EC046D919}.Release|Any CPU.ActiveCfg = Release|Any CPU
		{426A3D22-0A2B-4B14-B081-1C0EC046D919}.Release|Any CPU.Build.0 = Release|Any CPU
		{426A3D22-0A2B-4B14-B081-1C0EC046D919}.Stage|Any CPU.ActiveCfg = Stage|Any CPU
		{426A3D22-0A2B-4B14-B081-1C0EC046D919}.Stage|Any CPU.Build.0 = Stage|Any CPU
		{426A3D22-0A2B-4B14-B081-1C0EC046D919}.Test|Any CPU.ActiveCfg = Test|Any CPU
		{426A3D22-0A2B-4B14-B081-1C0EC046D919}.Test|Any CPU.Build.0 = Test|Any CPU
		{13607EE9-8B76-4FE3-BCF2-0C09EEF929BB}.Debug|Any CPU.ActiveCfg = Debug|Any CPU
		{13607EE9-8B76-4FE3-BCF2-0C09EEF929BB}.Debug|Any CPU.Build.0 = Debug|Any CPU
		{13607EE9-8B76-4FE3-BCF2-0C09EEF929BB}.Release|Any CPU.ActiveCfg = Release|Any CPU
		{13607EE9-8B76-4FE3-BCF2-0C09EEF929BB}.Release|Any CPU.Build.0 = Release|Any CPU
		{13607EE9-8B76-4FE3-BCF2-0C09EEF929BB}.Stage|Any CPU.ActiveCfg = Stage|Any CPU
		{13607EE9-8B76-4FE3-BCF2-0C09EEF929BB}.Stage|Any CPU.Build.0 = Stage|Any CPU
		{13607EE9-8B76-4FE3-BCF2-0C09EEF929BB}.Test|Any CPU.ActiveCfg = Test|Any CPU
		{13607EE9-8B76-4FE3-BCF2-0C09EEF929BB}.Test|Any CPU.Build.0 = Test|Any CPU
		{A54FCB68-EE21-4F16-AE8F-9B725C1D0C6E}.Debug|Any CPU.ActiveCfg = Debug|Any CPU
		{A54FCB68-EE21-4F16-AE8F-9B725C1D0C6E}.Debug|Any CPU.Build.0 = Debug|Any CPU
		{A54FCB68-EE21-4F16-AE8F-9B725C1D0C6E}.Release|Any CPU.ActiveCfg = Release|Any CPU
		{A54FCB68-EE21-4F16-AE8F-9B725C1D0C6E}.Release|Any CPU.Build.0 = Release|Any CPU
		{A54FCB68-EE21-4F16-AE8F-9B725C1D0C6E}.Stage|Any CPU.ActiveCfg = Stage|Any CPU
		{A54FCB68-EE21-4F16-AE8F-9B725C1D0C6E}.Stage|Any CPU.Build.0 = Stage|Any CPU
		{A54FCB68-EE21-4F16-AE8F-9B725C1D0C6E}.Test|Any CPU.ActiveCfg = Test|Any CPU
		{A54FCB68-EE21-4F16-AE8F-9B725C1D0C6E}.Test|Any CPU.Build.0 = Test|Any CPU
		{A226D174-6DD2-4290-8DBC-E201EFC54789}.Debug|Any CPU.ActiveCfg = Debug|Any CPU
		{A226D174-6DD2-4290-8DBC-E201EFC54789}.Debug|Any CPU.Build.0 = Debug|Any CPU
		{A226D174-6DD2-4290-8DBC-E201EFC54789}.Release|Any CPU.ActiveCfg = Release|Any CPU
		{A226D174-6DD2-4290-8DBC-E201EFC54789}.Release|Any CPU.Build.0 = Release|Any CPU
		{A226D174-6DD2-4290-8DBC-E201EFC54789}.Stage|Any CPU.ActiveCfg = Stage|Any CPU
		{A226D174-6DD2-4290-8DBC-E201EFC54789}.Stage|Any CPU.Build.0 = Stage|Any CPU
		{A226D174-6DD2-4290-8DBC-E201EFC54789}.Test|Any CPU.ActiveCfg = Test|Any CPU
		{A226D174-6DD2-4290-8DBC-E201EFC54789}.Test|Any CPU.Build.0 = Test|Any CPU
		{14983888-7213-46B4-A2A5-97774B02C64F}.Debug|Any CPU.ActiveCfg = Debug|Any CPU
		{14983888-7213-46B4-A2A5-97774B02C64F}.Debug|Any CPU.Build.0 = Debug|Any CPU
		{14983888-7213-46B4-A2A5-97774B02C64F}.Release|Any CPU.ActiveCfg = Release|Any CPU
		{14983888-7213-46B4-A2A5-97774B02C64F}.Release|Any CPU.Build.0 = Release|Any CPU
		{14983888-7213-46B4-A2A5-97774B02C64F}.Stage|Any CPU.ActiveCfg = Stage|Any CPU
		{14983888-7213-46B4-A2A5-97774B02C64F}.Stage|Any CPU.Build.0 = Stage|Any CPU
		{14983888-7213-46B4-A2A5-97774B02C64F}.Test|Any CPU.ActiveCfg = Test|Any CPU
		{14983888-7213-46B4-A2A5-97774B02C64F}.Test|Any CPU.Build.0 = Test|Any CPU
		{998906EB-AA90-47F2-8A6A-5F259185A168}.Debug|Any CPU.ActiveCfg = Debug|Any CPU
		{998906EB-AA90-47F2-8A6A-5F259185A168}.Debug|Any CPU.Build.0 = Debug|Any CPU
		{998906EB-AA90-47F2-8A6A-5F259185A168}.Release|Any CPU.ActiveCfg = Release|Any CPU
		{998906EB-AA90-47F2-8A6A-5F259185A168}.Release|Any CPU.Build.0 = Release|Any CPU
		{998906EB-AA90-47F2-8A6A-5F259185A168}.Stage|Any CPU.ActiveCfg = Stage|Any CPU
		{998906EB-AA90-47F2-8A6A-5F259185A168}.Stage|Any CPU.Build.0 = Stage|Any CPU
		{998906EB-AA90-47F2-8A6A-5F259185A168}.Test|Any CPU.ActiveCfg = Test|Any CPU
		{998906EB-AA90-47F2-8A6A-5F259185A168}.Test|Any CPU.Build.0 = Test|Any CPU
		{4F7955EC-A0B6-49B2-8245-D7501A696DE5}.Debug|Any CPU.ActiveCfg = Debug|Any CPU
		{4F7955EC-A0B6-49B2-8245-D7501A696DE5}.Debug|Any CPU.Build.0 = Debug|Any CPU
		{4F7955EC-A0B6-49B2-8245-D7501A696DE5}.Release|Any CPU.ActiveCfg = Release|Any CPU
		{4F7955EC-A0B6-49B2-8245-D7501A696DE5}.Release|Any CPU.Build.0 = Release|Any CPU
		{4F7955EC-A0B6-49B2-8245-D7501A696DE5}.Stage|Any CPU.ActiveCfg = Stage|Any CPU
		{4F7955EC-A0B6-49B2-8245-D7501A696DE5}.Stage|Any CPU.Build.0 = Stage|Any CPU
		{4F7955EC-A0B6-49B2-8245-D7501A696DE5}.Test|Any CPU.ActiveCfg = Test|Any CPU
		{4F7955EC-A0B6-49B2-8245-D7501A696DE5}.Test|Any CPU.Build.0 = Test|Any CPU
		{9084F7B6-AE3A-4EF4-9414-BF1228916974}.Debug|Any CPU.ActiveCfg = Debug|Any CPU
		{9084F7B6-AE3A-4EF4-9414-BF1228916974}.Debug|Any CPU.Build.0 = Debug|Any CPU
		{9084F7B6-AE3A-4EF4-9414-BF1228916974}.Release|Any CPU.ActiveCfg = Release|Any CPU
		{9084F7B6-AE3A-4EF4-9414-BF1228916974}.Release|Any CPU.Build.0 = Release|Any CPU
		{9084F7B6-AE3A-4EF4-9414-BF1228916974}.Stage|Any CPU.ActiveCfg = Stage|Any CPU
		{9084F7B6-AE3A-4EF4-9414-BF1228916974}.Stage|Any CPU.Build.0 = Stage|Any CPU
		{9084F7B6-AE3A-4EF4-9414-BF1228916974}.Test|Any CPU.ActiveCfg = Test|Any CPU
		{9084F7B6-AE3A-4EF4-9414-BF1228916974}.Test|Any CPU.Build.0 = Test|Any CPU
		{3406A0F9-589A-48B2-9A4E-74802535FFEE}.Debug|Any CPU.ActiveCfg = Debug|Any CPU
		{3406A0F9-589A-48B2-9A4E-74802535FFEE}.Debug|Any CPU.Build.0 = Debug|Any CPU
		{3406A0F9-589A-48B2-9A4E-74802535FFEE}.Release|Any CPU.ActiveCfg = Release|Any CPU
		{3406A0F9-589A-48B2-9A4E-74802535FFEE}.Release|Any CPU.Build.0 = Release|Any CPU
		{3406A0F9-589A-48B2-9A4E-74802535FFEE}.Stage|Any CPU.ActiveCfg = Stage|Any CPU
		{3406A0F9-589A-48B2-9A4E-74802535FFEE}.Stage|Any CPU.Build.0 = Stage|Any CPU
		{3406A0F9-589A-48B2-9A4E-74802535FFEE}.Test|Any CPU.ActiveCfg = Test|Any CPU
		{3406A0F9-589A-48B2-9A4E-74802535FFEE}.Test|Any CPU.Build.0 = Test|Any CPU
		{B412E005-BF9B-49BB-8DDE-6939A2456382}.Debug|Any CPU.ActiveCfg = Debug|Any CPU
		{B412E005-BF9B-49BB-8DDE-6939A2456382}.Debug|Any CPU.Build.0 = Debug|Any CPU
		{B412E005-BF9B-49BB-8DDE-6939A2456382}.Release|Any CPU.ActiveCfg = Release|Any CPU
		{B412E005-BF9B-49BB-8DDE-6939A2456382}.Release|Any CPU.Build.0 = Release|Any CPU
		{B412E005-BF9B-49BB-8DDE-6939A2456382}.Stage|Any CPU.ActiveCfg = Stage|Any CPU
		{B412E005-BF9B-49BB-8DDE-6939A2456382}.Stage|Any CPU.Build.0 = Stage|Any CPU
		{B412E005-BF9B-49BB-8DDE-6939A2456382}.Test|Any CPU.ActiveCfg = Test|Any CPU
		{B412E005-BF9B-49BB-8DDE-6939A2456382}.Test|Any CPU.Build.0 = Test|Any CPU
		{0CB8FB68-A755-48BE-BC3F-4991E46EF3C7}.Debug|Any CPU.ActiveCfg = Debug|Any CPU
		{0CB8FB68-A755-48BE-BC3F-4991E46EF3C7}.Debug|Any CPU.Build.0 = Debug|Any CPU
		{0CB8FB68-A755-48BE-BC3F-4991E46EF3C7}.Release|Any CPU.ActiveCfg = Release|Any CPU
		{0CB8FB68-A755-48BE-BC3F-4991E46EF3C7}.Release|Any CPU.Build.0 = Release|Any CPU
		{0CB8FB68-A755-48BE-BC3F-4991E46EF3C7}.Stage|Any CPU.ActiveCfg = Stage|Any CPU
		{0CB8FB68-A755-48BE-BC3F-4991E46EF3C7}.Stage|Any CPU.Build.0 = Stage|Any CPU
		{0CB8FB68-A755-48BE-BC3F-4991E46EF3C7}.Test|Any CPU.ActiveCfg = Test|Any CPU
		{0CB8FB68-A755-48BE-BC3F-4991E46EF3C7}.Test|Any CPU.Build.0 = Test|Any CPU
		{B9CD00EC-DC69-46C2-8F8B-D67AA134AFED}.Debug|Any CPU.ActiveCfg = Debug|Any CPU
		{B9CD00EC-DC69-46C2-8F8B-D67AA134AFED}.Debug|Any CPU.Build.0 = Debug|Any CPU
		{B9CD00EC-DC69-46C2-8F8B-D67AA134AFED}.Release|Any CPU.ActiveCfg = Release|Any CPU
		{B9CD00EC-DC69-46C2-8F8B-D67AA134AFED}.Release|Any CPU.Build.0 = Release|Any CPU
		{B9CD00EC-DC69-46C2-8F8B-D67AA134AFED}.Stage|Any CPU.ActiveCfg = Stage|Any CPU
		{B9CD00EC-DC69-46C2-8F8B-D67AA134AFED}.Stage|Any CPU.Build.0 = Stage|Any CPU
		{B9CD00EC-DC69-46C2-8F8B-D67AA134AFED}.Test|Any CPU.ActiveCfg = Test|Any CPU
		{B9CD00EC-DC69-46C2-8F8B-D67AA134AFED}.Test|Any CPU.Build.0 = Test|Any CPU
		{717604B5-8CEC-4BDE-86AA-AD06542E0661}.Debug|Any CPU.ActiveCfg = Debug|Any CPU
		{717604B5-8CEC-4BDE-86AA-AD06542E0661}.Debug|Any CPU.Build.0 = Debug|Any CPU
		{717604B5-8CEC-4BDE-86AA-AD06542E0661}.Release|Any CPU.ActiveCfg = Release|Any CPU
		{717604B5-8CEC-4BDE-86AA-AD06542E0661}.Release|Any CPU.Build.0 = Release|Any CPU
		{717604B5-8CEC-4BDE-86AA-AD06542E0661}.Stage|Any CPU.ActiveCfg = Stage|Any CPU
		{717604B5-8CEC-4BDE-86AA-AD06542E0661}.Stage|Any CPU.Build.0 = Stage|Any CPU
		{717604B5-8CEC-4BDE-86AA-AD06542E0661}.Test|Any CPU.ActiveCfg = Test|Any CPU
		{717604B5-8CEC-4BDE-86AA-AD06542E0661}.Test|Any CPU.Build.0 = Test|Any CPU
		{5A4EF52A-03BE-4BA3-BB4B-7D5BAE2F2678}.Debug|Any CPU.ActiveCfg = Debug|Any CPU
		{5A4EF52A-03BE-4BA3-BB4B-7D5BAE2F2678}.Debug|Any CPU.Build.0 = Debug|Any CPU
		{5A4EF52A-03BE-4BA3-BB4B-7D5BAE2F2678}.Release|Any CPU.ActiveCfg = Release|Any CPU
		{5A4EF52A-03BE-4BA3-BB4B-7D5BAE2F2678}.Release|Any CPU.Build.0 = Release|Any CPU
		{5A4EF52A-03BE-4BA3-BB4B-7D5BAE2F2678}.Stage|Any CPU.ActiveCfg = Stage|Any CPU
		{5A4EF52A-03BE-4BA3-BB4B-7D5BAE2F2678}.Stage|Any CPU.Build.0 = Stage|Any CPU
		{5A4EF52A-03BE-4BA3-BB4B-7D5BAE2F2678}.Test|Any CPU.ActiveCfg = Test|Any CPU
		{5A4EF52A-03BE-4BA3-BB4B-7D5BAE2F2678}.Test|Any CPU.Build.0 = Test|Any CPU
		{CA984BF0-C5BF-4FA7-8341-7B185F2EFFE7}.Debug|Any CPU.ActiveCfg = Debug|Any CPU
		{CA984BF0-C5BF-4FA7-8341-7B185F2EFFE7}.Debug|Any CPU.Build.0 = Debug|Any CPU
		{CA984BF0-C5BF-4FA7-8341-7B185F2EFFE7}.Release|Any CPU.ActiveCfg = Release|Any CPU
		{CA984BF0-C5BF-4FA7-8341-7B185F2EFFE7}.Release|Any CPU.Build.0 = Release|Any CPU
		{CA984BF0-C5BF-4FA7-8341-7B185F2EFFE7}.Stage|Any CPU.ActiveCfg = Stage|Any CPU
		{CA984BF0-C5BF-4FA7-8341-7B185F2EFFE7}.Stage|Any CPU.Build.0 = Stage|Any CPU
		{CA984BF0-C5BF-4FA7-8341-7B185F2EFFE7}.Test|Any CPU.ActiveCfg = Test|Any CPU
		{CA984BF0-C5BF-4FA7-8341-7B185F2EFFE7}.Test|Any CPU.Build.0 = Test|Any CPU
	EndGlobalSection
	GlobalSection(SolutionProperties) = preSolution
		HideSolutionNode = FALSE
	EndGlobalSection
	GlobalSection(NestedProjects) = preSolution
		{4E145111-4873-42BE-AD77-3B850C802C8E} = {3F9CCB6F-EFE2-47FA-A351-C5369B220E30}
		{426A3D22-0A2B-4B14-B081-1C0EC046D919} = {05CD40FC-5DA9-4FCA-8FD2-3EA2AEF900BD}
		{13607EE9-8B76-4FE3-BCF2-0C09EEF929BB} = {224E3AAC-7FA5-4DCB-8551-3466F858D91C}
		{A54FCB68-EE21-4F16-AE8F-9B725C1D0C6E} = {224E3AAC-7FA5-4DCB-8551-3466F858D91C}
		{3F9CCB6F-EFE2-47FA-A351-C5369B220E30} = {B2C15DAE-DB87-46FA-9339-97D3B1905D5F}
		{05CD40FC-5DA9-4FCA-8FD2-3EA2AEF900BD} = {B2C15DAE-DB87-46FA-9339-97D3B1905D5F}
		{A226D174-6DD2-4290-8DBC-E201EFC54789} = {05CD40FC-5DA9-4FCA-8FD2-3EA2AEF900BD}
		{998906EB-AA90-47F2-8A6A-5F259185A168} = {05CD40FC-5DA9-4FCA-8FD2-3EA2AEF900BD}
		{3406A0F9-589A-48B2-9A4E-74802535FFEE} = {224E3AAC-7FA5-4DCB-8551-3466F858D91C}
		{0CB8FB68-A755-48BE-BC3F-4991E46EF3C7} = {224E3AAC-7FA5-4DCB-8551-3466F858D91C}
		{B9CD00EC-DC69-46C2-8F8B-D67AA134AFED} = {224E3AAC-7FA5-4DCB-8551-3466F858D91C}
		{717604B5-8CEC-4BDE-86AA-AD06542E0661} = {224E3AAC-7FA5-4DCB-8551-3466F858D91C}
		{5A4EF52A-03BE-4BA3-BB4B-7D5BAE2F2678} = {05CD40FC-5DA9-4FCA-8FD2-3EA2AEF900BD}
		{CA984BF0-C5BF-4FA7-8341-7B185F2EFFE7} = {224E3AAC-7FA5-4DCB-8551-3466F858D91C}
	EndGlobalSection
EndGlobal
